// !$*UTF8*$!
{
	archiveVersion = 1;
	classes = {
	};
	objectVersion = 46;
	objects = {

/* Begin PBXBuildFile section */
		27E4B7FC19FB31EA004EF840 /* AppDelegate.swift in Sources */ = {isa = PBXBuildFile; fileRef = 27E4B7FB19FB31EA004EF840 /* AppDelegate.swift */; };
		27E4B81219FB31EA004EF840 /* HelloWorldTests.swift in Sources */ = {isa = PBXBuildFile; fileRef = 27E4B81119FB31EA004EF840 /* HelloWorldTests.swift */; };
		27E4B81C19FB3270004EF840 /* Images.xcassets in Resources */ = {isa = PBXBuildFile; fileRef = 27E4B81B19FB3270004EF840 /* Images.xcassets */; };
		27E4B81E19FB34B9004EF840 /* RootViewContorller.swift in Sources */ = {isa = PBXBuildFile; fileRef = 27E4B81D19FB34B9004EF840 /* RootViewContorller.swift */; };
/* End PBXBuildFile section */

/* Begin PBXContainerItemProxy section */
		27E4B80C19FB31EA004EF840 /* PBXContainerItemProxy */ = {
			isa = PBXContainerItemProxy;
			containerPortal = 27E4B7EE19FB31EA004EF840 /* Project object */;
			proxyType = 1;
			remoteGlobalIDString = 27E4B7F519FB31EA004EF840;
			remoteInfo = HelloWorld;
		};
/* End PBXContainerItemProxy section */

/* Begin PBXFileReference section */
		27E4B7F619FB31EA004EF840 /* HelloWorld.app */ = {isa = PBXFileReference; explicitFileType = wrapper.application; includeInIndex = 0; path = HelloWorld.app; sourceTree = BUILT_PRODUCTS_DIR; };
		27E4B7FA19FB31EA004EF840 /* Info.plist */ = {isa = PBXFileReference; lastKnownFileType = text.plist.xml; path = Info.plist; sourceTree = "<group>"; };
		27E4B7FB19FB31EA004EF840 /* AppDelegate.swift */ = {isa = PBXFileReference; lastKnownFileType = sourcecode.swift; path = AppDelegate.swift; sourceTree = "<group>"; };
		27E4B80B19FB31EA004EF840 /* HelloWorldTests.xctest */ = {isa = PBXFileReference; explicitFileType = wrapper.cfbundle; includeInIndex = 0; path = HelloWorldTests.xctest; sourceTree = BUILT_PRODUCTS_DIR; };
		27E4B81019FB31EA004EF840 /* Info.plist */ = {isa = PBXFileReference; lastKnownFileType = text.plist.xml; path = Info.plist; sourceTree = "<group>"; };
		27E4B81119FB31EA004EF840 /* HelloWorldTests.swift */ = {isa = PBXFileReference; lastKnownFileType = sourcecode.swift; path = HelloWorldTests.swift; sourceTree = "<group>"; };
		27E4B81B19FB3270004EF840 /* Images.xcassets */ = {isa = PBXFileReference; lastKnownFileType = folder.assetcatalog; path = Images.xcassets; sourceTree = "<group>"; };
		27E4B81D19FB34B9004EF840 /* RootViewContorller.swift */ = {isa = PBXFileReference; fileEncoding = 4; lastKnownFileType = sourcecode.swift; path = RootViewContorller.swift; sourceTree = "<group>"; };
/* End PBXFileReference section */

/* Begin PBXFrameworksBuildPhase section */
		27E4B7F319FB31EA004EF840 /* Frameworks */ = {
			isa = PBXFrameworksBuildPhase;
			buildActionMask = 2147483647;
			files = (
			);
			runOnlyForDeploymentPostprocessing = 0;
		};
		27E4B80819FB31EA004EF840 /* Frameworks */ = {
			isa = PBXFrameworksBuildPhase;
			buildActionMask = 2147483647;
			files = (
			);
			runOnlyForDeploymentPostprocessing = 0;
		};
/* End PBXFrameworksBuildPhase section */

/* Begin PBXGroup section */
		27E4B7ED19FB31EA004EF840 = {
			isa = PBXGroup;
			children = (
				27E4B7F819FB31EA004EF840 /* HelloWorld */,
				27E4B80E19FB31EA004EF840 /* HelloWorldTests */,
				27E4B7F719FB31EA004EF840 /* Products */,
			);
			sourceTree = "<group>";
		};
		27E4B7F719FB31EA004EF840 /* Products */ = {
			isa = PBXGroup;
			children = (
				27E4B7F619FB31EA004EF840 /* HelloWorld.app */,
				27E4B80B19FB31EA004EF840 /* HelloWorldTests.xctest */,
			);
			name = Products;
			sourceTree = "<group>";
		};
		27E4B7F819FB31EA004EF840 /* HelloWorld */ = {
			isa = PBXGroup;
			children = (
				27E4B7FB19FB31EA004EF840 /* AppDelegate.swift */,
				27E4B81B19FB3270004EF840 /* Images.xcassets */,
				27E4B7F919FB31EA004EF840 /* Supporting Files */,
				27E4B81D19FB34B9004EF840 /* RootViewContorller.swift */,
			);
			path = HelloWorld;
			sourceTree = "<group>";
		};
		27E4B7F919FB31EA004EF840 /* Supporting Files */ = {
			isa = PBXGroup;
			children = (
				27E4B7FA19FB31EA004EF840 /* Info.plist */,
			);
			name = "Supporting Files";
			sourceTree = "<group>";
		};
		27E4B80E19FB31EA004EF840 /* HelloWorldTests */ = {
			isa = PBXGroup;
			children = (
				27E4B81119FB31EA004EF840 /* HelloWorldTests.swift */,
				27E4B80F19FB31EA004EF840 /* Supporting Files */,
			);
			path = HelloWorldTests;
			sourceTree = "<group>";
		};
		27E4B80F19FB31EA004EF840 /* Supporting Files */ = {
			isa = PBXGroup;
			children = (
				27E4B81019FB31EA004EF840 /* Info.plist */,
			);
			name = "Supporting Files";
			sourceTree = "<group>";
		};
/* End PBXGroup section */

/* Begin PBXNativeTarget section */
		27E4B7F519FB31EA004EF840 /* HelloWorld */ = {
			isa = PBXNativeTarget;
			buildConfigurationList = 27E4B81519FB31EA004EF840 /* Build configuration list for PBXNativeTarget "HelloWorld" */;
			buildPhases = (
				27E4B7F219FB31EA004EF840 /* Sources */,
				27E4B7F319FB31EA004EF840 /* Frameworks */,
				27E4B7F419FB31EA004EF840 /* Resources */,
			);
			buildRules = (
			);
			dependencies = (
			);
			name = HelloWorld;
			productName = HelloWorld;
			productReference = 27E4B7F619FB31EA004EF840 /* HelloWorld.app */;
			productType = "com.apple.product-type.application";
		};
		27E4B80A19FB31EA004EF840 /* HelloWorldTests */ = {
			isa = PBXNativeTarget;
			buildConfigurationList = 27E4B81819FB31EA004EF840 /* Build configuration list for PBXNativeTarget "HelloWorldTests" */;
			buildPhases = (
				27E4B80719FB31EA004EF840 /* Sources */,
				27E4B80819FB31EA004EF840 /* Frameworks */,
				27E4B80919FB31EA004EF840 /* Resources */,
			);
			buildRules = (
			);
			dependencies = (
				27E4B80D19FB31EA004EF840 /* PBXTargetDependency */,
			);
			name = HelloWorldTests;
			productName = HelloWorldTests;
			productReference = 27E4B80B19FB31EA004EF840 /* HelloWorldTests.xctest */;
			productType = "com.apple.product-type.bundle.unit-test";
		};
/* End PBXNativeTarget section */

/* Begin PBXProject section */
		27E4B7EE19FB31EA004EF840 /* Project object */ = {
			isa = PBXProject;
			attributes = {
				LastUpgradeCheck = 0610;
				ORGANIZATIONNAME = "Chie AHAREN";
				TargetAttributes = {
					27E4B7F519FB31EA004EF840 = {
						CreatedOnToolsVersion = 6.1;
					};
					27E4B80A19FB31EA004EF840 = {
						CreatedOnToolsVersion = 6.1;
						TestTargetID = 27E4B7F519FB31EA004EF840;
					};
				};
			};
			buildConfigurationList = 27E4B7F119FB31EA004EF840 /* Build configuration list for PBXProject "HelloWorld" */;
			compatibilityVersion = "Xcode 3.2";
			developmentRegion = English;
			hasScannedForEncodings = 0;
			knownRegions = (
				en,
				Base,
			);
			mainGroup = 27E4B7ED19FB31EA004EF840;
			productRefGroup = 27E4B7F719FB31EA004EF840 /* Products */;
			projectDirPath = "";
			projectRoot = "";
			targets = (
				27E4B7F519FB31EA004EF840 /* HelloWorld */,
				27E4B80A19FB31EA004EF840 /* HelloWorldTests */,
			);
		};
/* End PBXProject section */

/* Begin PBXResourcesBuildPhase section */
		27E4B7F419FB31EA004EF840 /* Resources */ = {
			isa = PBXResourcesBuildPhase;
			buildActionMask = 2147483647;
			files = (
				27E4B81C19FB3270004EF840 /* Images.xcassets in Resources */,
			);
			runOnlyForDeploymentPostprocessing = 0;
		};
		27E4B80919FB31EA004EF840 /* Resources */ = {
			isa = PBXResourcesBuildPhase;
			buildActionMask = 2147483647;
			files = (
			);
			runOnlyForDeploymentPostprocessing = 0;
		};
/* End PBXResourcesBuildPhase section */

/* Begin PBXSourcesBuildPhase section */
		27E4B7F219FB31EA004EF840 /* Sources */ = {
			isa = PBXSourcesBuildPhase;
			buildActionMask = 2147483647;
			files = (
				27E4B81E19FB34B9004EF840 /* RootViewContorller.swift in Sources */,
				27E4B7FC19FB31EA004EF840 /* AppDelegate.swift in Sources */,
			);
			runOnlyForDeploymentPostprocessing = 0;
		};
		27E4B80719FB31EA004EF840 /* Sources */ = {
			isa = PBXSourcesBuildPhase;
			buildActionMask = 2147483647;
			files = (
				27E4B81219FB31EA004EF840 /* HelloWorldTests.swift in Sources */,
			);
			runOnlyForDeploymentPostprocessing = 0;
		};
/* End PBXSourcesBuildPhase section */

/* Begin PBXTargetDependency section */
		27E4B80D19FB31EA004EF840 /* PBXTargetDependency */ = {
			isa = PBXTargetDependency;
			target = 27E4B7F519FB31EA004EF840 /* HelloWorld */;
			targetProxy = 27E4B80C19FB31EA004EF840 /* PBXContainerItemProxy */;
		};
/* End PBXTargetDependency section */

/* Begin XCBuildConfiguration section */
		27E4B81319FB31EA004EF840 /* Debug */ = {
			isa = XCBuildConfiguration;
			buildSettings = {
				ALWAYS_SEARCH_USER_PATHS = NO;
				CLANG_CXX_LANGUAGE_STANDARD = "gnu++0x";
				CLANG_CXX_LIBRARY = "libc++";
				CLANG_ENABLE_MODULES = YES;
				CLANG_ENABLE_OBJC_ARC = YES;
				CLANG_WARN_BOOL_CONVERSION = YES;
				CLANG_WARN_CONSTANT_CONVERSION = YES;
				CLANG_WARN_DIRECT_OBJC_ISA_USAGE = YES_ERROR;
				CLANG_WARN_EMPTY_BODY = YES;
				CLANG_WARN_ENUM_CONVERSION = YES;
				CLANG_WARN_INT_CONVERSION = YES;
				CLANG_WARN_OBJC_ROOT_CLASS = YES_ERROR;
				CLANG_WARN_UNREACHABLE_CODE = YES;
				CLANG_WARN__DUPLICATE_METHOD_MATCH = YES;
				"CODE_SIGN_IDENTITY[sdk=iphoneos*]" = "iPhone Developer";
				COPY_PHASE_STRIP = NO;
				ENABLE_STRICT_OBJC_MSGSEND = YES;
				GCC_C_LANGUAGE_STANDARD = gnu99;
				GCC_DYNAMIC_NO_PIC = NO;
				GCC_OPTIMIZATION_LEVEL = 0;
				GCC_PREPROCESSOR_DEFINITIONS = (
					"DEBUG=1",
					"$(inherited)",
				);
				GCC_SYMBOLS_PRIVATE_EXTERN = NO;
				GCC_WARN_64_TO_32_BIT_CONVERSION = YES;
				GCC_WARN_ABOUT_RETURN_TYPE = YES_ERROR;
				GCC_WARN_UNDECLARED_SELECTOR = YES;
				GCC_WARN_UNINITIALIZED_AUTOS = YES_AGGRESSIVE;
				GCC_WARN_UNUSED_FUNCTION = YES;
				GCC_WARN_UNUSED_VARIABLE = YES;
				IPHONEOS_DEPLOYMENT_TARGET = 8.1;
				MTL_ENABLE_DEBUG_INFO = YES;
				ONLY_ACTIVE_ARCH = YES;
				SDKROOT = iphoneos;
				SWIFT_OPTIMIZATION_LEVEL = "-Onone";
			};
			name = Debug;
		};
		27E4B81419FB31EA004EF840 /* Release */ = {
			isa = XCBuildConfiguration;
			buildSettings = {
				ALWAYS_SEARCH_USER_PATHS = NO;
				CLANG_CXX_LANGUAGE_STANDARD = "gnu++0x";
				CLANG_CXX_LIBRARY = "libc++";
				CLANG_ENABLE_MODULES = YES;
				CLANG_ENABLE_OBJC_ARC = YES;
				CLANG_WARN_BOOL_CONVERSION = YES;
				CLANG_WARN_CONSTANT_CONVERSION = YES;
				CLANG_WARN_DIRECT_OBJC_ISA_USAGE = YES_ERROR;
				CLANG_WARN_EMPTY_BODY = YES;
				CLANG_WARN_ENUM_CONVERSION = YES;
				CLANG_WARN_INT_CONVERSION = YES;
				CLANG_WARN_OBJC_ROOT_CLASS = YES_ERROR;
				CLANG_WARN_UNREACHABLE_CODE = YES;
				CLANG_WARN__DUPLICATE_METHOD_MATCH = YES;
				"CODE_SIGN_IDENTITY[sdk=iphoneos*]" = "iPhone Developer";
				COPY_PHASE_STRIP = YES;
				ENABLE_NS_ASSERTIONS = NO;
				ENABLE_STRICT_OBJC_MSGSEND = YES;
				GCC_C_LANGUAGE_STANDARD = gnu99;
				GCC_WARN_64_TO_32_BIT_CONVERSION = YES;
				GCC_WARN_ABOUT_RETURN_TYPE = YES_ERROR;
				GCC_WARN_UNDECLARED_SELECTOR = YES;
				GCC_WARN_UNINITIALIZED_AUTOS = YES_AGGRESSIVE;
				GCC_WARN_UNUSED_FUNCTION = YES;
				GCC_WARN_UNUSED_VARIABLE = YES;
				IPHONEOS_DEPLOYMENT_TARGET = 8.1;
				MTL_ENABLE_DEBUG_INFO = NO;
				SDKROOT = iphoneos;
				VALIDATE_PRODUCT = YES;
			};
			name = Release;
		};
		27E4B81619FB31EA004EF840 /* Debug */ = {
			isa = XCBuildConfiguration;
			buildSettings = {
				ASSETCATALOG_COMPILER_APPICON_NAME = AppIcon;
				INFOPLIST_FILE = HelloWorld/Info.plist;
				LD_RUNPATH_SEARCH_PATHS = "$(inherited) @executable_path/Frameworks";
				PRODUCT_NAME = "$(TARGET_NAME)";
			};
			name = Debug;
		};
		27E4B81719FB31EA004EF840 /* Release */ = {
			isa = XCBuildConfiguration;
			buildSettings = {
				ASSETCATALOG_COMPILER_APPICON_NAME = AppIcon;
				INFOPLIST_FILE = HelloWorld/Info.plist;
				LD_RUNPATH_SEARCH_PATHS = "$(inherited) @executable_path/Frameworks";
				PRODUCT_NAME = "$(TARGET_NAME)";
			};
			name = Release;
		};
		27E4B81919FB31EA004EF840 /* Debug */ = {
			isa = XCBuildConfiguration;
			buildSettings = {
				BUNDLE_LOADER = "$(TEST_HOST)";
				FRAMEWORK_SEARCH_PATHS = (
					"$(SDKROOT)/Developer/Library/Frameworks",
					"$(inherited)",
				);
				GCC_PREPROCESSOR_DEFINITIONS = (
					"DEBUG=1",
					"$(inherited)",
				);
				INFOPLIST_FILE = HelloWorldTests/Info.plist;
				LD_RUNPATH_SEARCH_PATHS = "$(inherited) @executable_path/Frameworks @loader_path/Frameworks";
				PRODUCT_NAME = "$(TARGET_NAME)";
				TEST_HOST = "$(BUILT_PRODUCTS_DIR)/HelloWorld.app/HelloWorld";
			};
			name = Debug;
		};
		27E4B81A19FB31EA004EF840 /* Release */ = {
			isa = XCBuildConfiguration;
			buildSettings = {
				BUNDLE_LOADER = "$(TEST_HOST)";
				FRAMEWORK_SEARCH_PATHS = (
					"$(SDKROOT)/Developer/Library/Frameworks",
					"$(inherited)",
				);
				INFOPLIST_FILE = HelloWorldTests/Info.plist;
				LD_RUNPATH_SEARCH_PATHS = "$(inherited) @executable_path/Frameworks @loader_path/Frameworks";
				PRODUCT_NAME = "$(TARGET_NAME)";
				TEST_HOST = "$(BUILT_PRODUCTS_DIR)/HelloWorld.app/HelloWorld";
			};
			name = Release;
		};
/* End XCBuildConfiguration section */

/* Begin XCConfigurationList section */
		27E4B7F119FB31EA004EF840 /* Build configuration list for PBXProject "HelloWorld" */ = {
			isa = XCConfigurationList;
			buildConfigurations = (
				27E4B81319FB31EA004EF840 /* Debug */,
				27E4B81419FB31EA004EF840 /* Release */,
			);
			defaultConfigurationIsVisible = 0;
			defaultConfigurationName = Release;
		};
		27E4B81519FB31EA004EF840 /* Build configuration list for PBXNativeTarget "HelloWorld" */ = {
			isa = XCConfigurationList;
			buildConfigurations = (
				27E4B81619FB31EA004EF840 /* Debug */,
				27E4B81719FB31EA004EF840 /* Release */,
			);
			defaultConfigurationIsVisible = 0;
		};
		27E4B81819FB31EA004EF840 /* Build configuration list for PBXNativeTarget "HelloWorldTests" */ = {
			isa = XCConfigurationList;
			buildConfigurations = (
				27E4B81919FB31EA004EF840 /* Debug */,
				27E4B81A19FB31EA004EF840 /* Release */,
			);
			defaultConfigurationIsVisible = 0;
		};
/* End XCConfigurationList section */
	};
	rootObject = 27E4B7EE19FB31EA004EF840 /* Project object */;
}
